// !$*UTF8*$!
{
	archiveVersion = 1;
	classes = {
	};
	objectVersion = 48;
	objects = {

/* Begin PBXBuildFile section */
		4A16CF22134EC5BE9C7B2928 /* libPods-CAShuttleBus.a in Frameworks */ = {isa = PBXBuildFile; fileRef = E3F3CB359E2C5DA1550D9E5B /* libPods-CAShuttleBus.a */; };
		CF1669521FC2A330009CDA04 /* UIButton+Block.m in Sources */ = {isa = PBXBuildFile; fileRef = CF1669501FC2A32F009CDA04 /* UIButton+Block.m */; };
		CF64C0F31F95CFEB00933702 /* CASRootTabBar.m in Sources */ = {isa = PBXBuildFile; fileRef = CF64C0F21F95CFEB00933702 /* CASRootTabBar.m */; };
		CF64C0F61F95DA2600933702 /* UIView+CASFrame.m in Sources */ = {isa = PBXBuildFile; fileRef = CF64C0F51F95DA2600933702 /* UIView+CASFrame.m */; };
		CF64C0F91F95E29700933702 /* CASDriverViewController.m in Sources */ = {isa = PBXBuildFile; fileRef = CF64C0F81F95E29700933702 /* CASDriverViewController.m */; };
		CF8546BC1F944A9A00374F74 /* Main.storyboard in Resources */ = {isa = PBXBuildFile; fileRef = CF8546BA1F944A9A00374F74 /* Main.storyboard */; };
		CF8546BE1F944A9A00374F74 /* Assets.xcassets in Resources */ = {isa = PBXBuildFile; fileRef = CF8546BD1F944A9A00374F74 /* Assets.xcassets */; };
		CF8546C11F944A9A00374F74 /* LaunchScreen.storyboard in Resources */ = {isa = PBXBuildFile; fileRef = CF8546BF1F944A9A00374F74 /* LaunchScreen.storyboard */; };
		CF8546CE1F944A9A00374F74 /* CAShuttleBusTests.m in Sources */ = {isa = PBXBuildFile; fileRef = CF8546CD1F944A9A00374F74 /* CAShuttleBusTests.m */; };
		CF8C70101F94593C006BC3EB /* CASRootTabBarControllerViewController.m in Sources */ = {isa = PBXBuildFile; fileRef = CF8C700F1F94593C006BC3EB /* CASRootTabBarControllerViewController.m */; };
		CF8C70131F945991006BC3EB /* CASRootNavigationViewController.m in Sources */ = {isa = PBXBuildFile; fileRef = CF8C70121F945991006BC3EB /* CASRootNavigationViewController.m */; };
		CF8C70141F945D89006BC3EB /* CASAppDelegate.mm in Sources */ = {isa = PBXBuildFile; fileRef = CF8546F01F94562300374F74 /* CASAppDelegate.mm */; };
		CF8C70151F945DAB006BC3EB /* main.m in Sources */ = {isa = PBXBuildFile; fileRef = CF8546F21F94562300374F74 /* main.m */; };
		CF8C701D1F9463A4006BC3EB /* CASLoginViewController.m in Sources */ = {isa = PBXBuildFile; fileRef = CF8C701C1F9463A4006BC3EB /* CASLoginViewController.m */; };
		CF8C70201F946BF0006BC3EB /* CASLoginView.m in Sources */ = {isa = PBXBuildFile; fileRef = CF8C701F1F946BF0006BC3EB /* CASLoginView.m */; };
		CF8C70241F948EE5006BC3EB /* UIImage+CASImage.m in Sources */ = {isa = PBXBuildFile; fileRef = CF8C70231F948EE5006BC3EB /* UIImage+CASImage.m */; };
		CF8C702B1F94A4E1006BC3EB /* UIBarButtonItem+CASBarButtonItem.m in Sources */ = {isa = PBXBuildFile; fileRef = CF8C702A1F94A4E1006BC3EB /* UIBarButtonItem+CASBarButtonItem.m */; };
		CFBB03351FC66C1A00173733 /* CASShuttleBusRouteItem.m in Sources */ = {isa = PBXBuildFile; fileRef = CFBB03341FC66C1A00173733 /* CASShuttleBusRouteItem.m */; };
		CFBB03371FC68B9000173733 /* CASShuttleBusRouteItem.plist in Resources */ = {isa = PBXBuildFile; fileRef = CFBB03361FC68B9000173733 /* CASShuttleBusRouteItem.plist */; };
		CFC73EEC1FC3EE83008603B2 /* CASKeychainWrapper.m in Sources */ = {isa = PBXBuildFile; fileRef = CFC73EEB1FC3EE83008603B2 /* CASKeychainWrapper.m */; };
		CFC73EF21FC44B33008603B2 /* CASShuttleBusRouteViewController.m in Sources */ = {isa = PBXBuildFile; fileRef = CFC73EF11FC44B33008603B2 /* CASShuttleBusRouteViewController.m */; };
		CFC73EF51FC44D64008603B2 /* CASShuttleBusRouteCell.m in Sources */ = {isa = PBXBuildFile; fileRef = CFC73EF41FC44D64008603B2 /* CASShuttleBusRouteCell.m */; };
/* End PBXBuildFile section */

/* Begin PBXContainerItemProxy section */
		CF8546CA1F944A9A00374F74 /* PBXContainerItemProxy */ = {
			isa = PBXContainerItemProxy;
			containerPortal = CF8546A91F944A9900374F74 /* Project object */;
			proxyType = 1;
			remoteGlobalIDString = CF8546B01F944A9A00374F74;
			remoteInfo = CAShuttleBus;
		};
/* End PBXContainerItemProxy section */

/* Begin PBXFileReference section */
		835E22532203427C2AFEC965 /* Pods-CAShuttleBus.debug.xcconfig */ = {isa = PBXFileReference; includeInIndex = 1; lastKnownFileType = text.xcconfig; name = "Pods-CAShuttleBus.debug.xcconfig"; path = "Pods/Target Support Files/Pods-CAShuttleBus/Pods-CAShuttleBus.debug.xcconfig"; sourceTree = "<group>"; };
		98AF155235BC4C5AB0E3A809 /* Pods-CAShuttleBus.release.xcconfig */ = {isa = PBXFileReference; includeInIndex = 1; lastKnownFileType = text.xcconfig; name = "Pods-CAShuttleBus.release.xcconfig"; path = "Pods/Target Support Files/Pods-CAShuttleBus/Pods-CAShuttleBus.release.xcconfig"; sourceTree = "<group>"; };
		CF16694F1FC2A0BF009CDA04 /* WeakAndStrong.h */ = {isa = PBXFileReference; fileEncoding = 4; lastKnownFileType = sourcecode.c.h; path = WeakAndStrong.h; sourceTree = "<group>"; };
		CF1669501FC2A32F009CDA04 /* UIButton+Block.m */ = {isa = PBXFileReference; fileEncoding = 4; lastKnownFileType = sourcecode.c.objc; path = "UIButton+Block.m"; sourceTree = "<group>"; };
		CF1669511FC2A330009CDA04 /* UIButton+Block.h */ = {isa = PBXFileReference; fileEncoding = 4; lastKnownFileType = sourcecode.c.h; path = "UIButton+Block.h"; sourceTree = "<group>"; };
		CF64C0F11F95CFEB00933702 /* CASRootTabBar.h */ = {isa = PBXFileReference; lastKnownFileType = sourcecode.c.h; path = CASRootTabBar.h; sourceTree = "<group>"; };
		CF64C0F21F95CFEB00933702 /* CASRootTabBar.m */ = {isa = PBXFileReference; lastKnownFileType = sourcecode.c.objc; path = CASRootTabBar.m; sourceTree = "<group>"; };
		CF64C0F41F95DA2600933702 /* UIView+CASFrame.h */ = {isa = PBXFileReference; lastKnownFileType = sourcecode.c.h; path = "UIView+CASFrame.h"; sourceTree = "<group>"; };
		CF64C0F51F95DA2600933702 /* UIView+CASFrame.m */ = {isa = PBXFileReference; lastKnownFileType = sourcecode.c.objc; path = "UIView+CASFrame.m"; sourceTree = "<group>"; };
		CF64C0F71F95E29700933702 /* CASDriverViewController.h */ = {isa = PBXFileReference; lastKnownFileType = sourcecode.c.h; path = CASDriverViewController.h; sourceTree = "<group>"; };
		CF64C0F81F95E29700933702 /* CASDriverViewController.m */ = {isa = PBXFileReference; lastKnownFileType = sourcecode.c.objc; path = CASDriverViewController.m; sourceTree = "<group>"; };
		CF64C0FA1F97613F00933702 /* CAS_PrefixHeader.pch */ = {isa = PBXFileReference; lastKnownFileType = sourcecode.c.h; path = CAS_PrefixHeader.pch; sourceTree = "<group>"; };
		CF8546B11F944A9A00374F74 /* CAShuttleBus.app */ = {isa = PBXFileReference; explicitFileType = wrapper.application; includeInIndex = 0; path = CAShuttleBus.app; sourceTree = BUILT_PRODUCTS_DIR; };
		CF8546BB1F944A9A00374F74 /* Base */ = {isa = PBXFileReference; lastKnownFileType = file.storyboard; name = Base; path = Base.lproj/Main.storyboard; sourceTree = "<group>"; };
		CF8546BD1F944A9A00374F74 /* Assets.xcassets */ = {isa = PBXFileReference; lastKnownFileType = folder.assetcatalog; path = Assets.xcassets; sourceTree = "<group>"; };
		CF8546C01F944A9A00374F74 /* Base */ = {isa = PBXFileReference; lastKnownFileType = file.storyboard; name = Base; path = Base.lproj/LaunchScreen.storyboard; sourceTree = "<group>"; };
		CF8546C91F944A9A00374F74 /* CAShuttleBusTests.xctest */ = {isa = PBXFileReference; explicitFileType = wrapper.cfbundle; includeInIndex = 0; path = CAShuttleBusTests.xctest; sourceTree = BUILT_PRODUCTS_DIR; };
		CF8546CD1F944A9A00374F74 /* CAShuttleBusTests.m */ = {isa = PBXFileReference; lastKnownFileType = sourcecode.c.objc; path = CAShuttleBusTests.m; sourceTree = "<group>"; };
		CF8546CF1F944A9A00374F74 /* Info.plist */ = {isa = PBXFileReference; lastKnownFileType = text.plist.xml; path = Info.plist; sourceTree = "<group>"; };
		CF8546EF1F94562300374F74 /* CASAppDelegate.h */ = {isa = PBXFileReference; lastKnownFileType = sourcecode.c.h; path = CASAppDelegate.h; sourceTree = "<group>"; };
		CF8546F01F94562300374F74 /* CASAppDelegate.mm */ = {isa = PBXFileReference; lastKnownFileType = sourcecode.cpp.objcpp; path = CASAppDelegate.mm; sourceTree = "<group>"; };
		CF8546F11F94562300374F74 /* Info.plist */ = {isa = PBXFileReference; lastKnownFileType = text.plist.xml; path = Info.plist; sourceTree = "<group>"; };
		CF8546F21F94562300374F74 /* main.m */ = {isa = PBXFileReference; lastKnownFileType = sourcecode.c.objc; path = main.m; sourceTree = "<group>"; };
		CF8C700E1F94593C006BC3EB /* CASRootTabBarControllerViewController.h */ = {isa = PBXFileReference; lastKnownFileType = sourcecode.c.h; path = CASRootTabBarControllerViewController.h; sourceTree = "<group>"; };
		CF8C700F1F94593C006BC3EB /* CASRootTabBarControllerViewController.m */ = {isa = PBXFileReference; lastKnownFileType = sourcecode.c.objc; path = CASRootTabBarControllerViewController.m; sourceTree = "<group>"; };
		CF8C70111F945991006BC3EB /* CASRootNavigationViewController.h */ = {isa = PBXFileReference; lastKnownFileType = sourcecode.c.h; path = CASRootNavigationViewController.h; sourceTree = "<group>"; };
		CF8C70121F945991006BC3EB /* CASRootNavigationViewController.m */ = {isa = PBXFileReference; lastKnownFileType = sourcecode.c.objc; path = CASRootNavigationViewController.m; sourceTree = "<group>"; };
		CF8C701B1F9463A4006BC3EB /* CASLoginViewController.h */ = {isa = PBXFileReference; lastKnownFileType = sourcecode.c.h; path = CASLoginViewController.h; sourceTree = "<group>"; };
		CF8C701C1F9463A4006BC3EB /* CASLoginViewController.m */ = {isa = PBXFileReference; lastKnownFileType = sourcecode.c.objc; path = CASLoginViewController.m; sourceTree = "<group>"; };
		CF8C701E1F946BF0006BC3EB /* CASLoginView.h */ = {isa = PBXFileReference; lastKnownFileType = sourcecode.c.h; path = CASLoginView.h; sourceTree = "<group>"; };
		CF8C701F1F946BF0006BC3EB /* CASLoginView.m */ = {isa = PBXFileReference; lastKnownFileType = sourcecode.c.objc; path = CASLoginView.m; sourceTree = "<group>"; };
		CF8C70221F948EE5006BC3EB /* UIImage+CASImage.h */ = {isa = PBXFileReference; lastKnownFileType = sourcecode.c.h; path = "UIImage+CASImage.h"; sourceTree = "<group>"; };
		CF8C70231F948EE5006BC3EB /* UIImage+CASImage.m */ = {isa = PBXFileReference; lastKnownFileType = sourcecode.c.objc; path = "UIImage+CASImage.m"; sourceTree = "<group>"; };
		CF8C70291F94A4E1006BC3EB /* UIBarButtonItem+CASBarButtonItem.h */ = {isa = PBXFileReference; lastKnownFileType = sourcecode.c.h; path = "UIBarButtonItem+CASBarButtonItem.h"; sourceTree = "<group>"; };
		CF8C702A1F94A4E1006BC3EB /* UIBarButtonItem+CASBarButtonItem.m */ = {isa = PBXFileReference; lastKnownFileType = sourcecode.c.objc; path = "UIBarButtonItem+CASBarButtonItem.m"; sourceTree = "<group>"; };
		CFBB03331FC66C1A00173733 /* CASShuttleBusRouteItem.h */ = {isa = PBXFileReference; lastKnownFileType = sourcecode.c.h; path = CASShuttleBusRouteItem.h; sourceTree = "<group>"; };
		CFBB03341FC66C1A00173733 /* CASShuttleBusRouteItem.m */ = {isa = PBXFileReference; lastKnownFileType = sourcecode.c.objc; path = CASShuttleBusRouteItem.m; sourceTree = "<group>"; };
		CFBB03361FC68B9000173733 /* CASShuttleBusRouteItem.plist */ = {isa = PBXFileReference; lastKnownFileType = text.plist.xml; path = CASShuttleBusRouteItem.plist; sourceTree = "<group>"; };
		CFC73EE61FC3B8DE008603B2 /* CAShuttleBus.entitlements */ = {isa = PBXFileReference; lastKnownFileType = text.plist.entitlements; path = CAShuttleBus.entitlements; sourceTree = "<group>"; };
		CFC73EEA1FC3EE83008603B2 /* CASKeychainWrapper.h */ = {isa = PBXFileReference; lastKnownFileType = sourcecode.c.h; path = CASKeychainWrapper.h; sourceTree = "<group>"; };
		CFC73EEB1FC3EE83008603B2 /* CASKeychainWrapper.m */ = {isa = PBXFileReference; lastKnownFileType = sourcecode.c.objc; path = CASKeychainWrapper.m; sourceTree = "<group>"; };
		CFC73EEF1FC3F90E008603B2 /* CASKeychainConfiguration.h */ = {isa = PBXFileReference; lastKnownFileType = sourcecode.c.h; path = CASKeychainConfiguration.h; sourceTree = "<group>"; };
		CFC73EF01FC44B33008603B2 /* CASShuttleBusRouteViewController.h */ = {isa = PBXFileReference; lastKnownFileType = sourcecode.c.h; path = CASShuttleBusRouteViewController.h; sourceTree = "<group>"; };
		CFC73EF11FC44B33008603B2 /* CASShuttleBusRouteViewController.m */ = {isa = PBXFileReference; lastKnownFileType = sourcecode.c.objc; path = CASShuttleBusRouteViewController.m; sourceTree = "<group>"; };
		CFC73EF31FC44D64008603B2 /* CASShuttleBusRouteCell.h */ = {isa = PBXFileReference; lastKnownFileType = sourcecode.c.h; path = CASShuttleBusRouteCell.h; sourceTree = "<group>"; };
		CFC73EF41FC44D64008603B2 /* CASShuttleBusRouteCell.m */ = {isa = PBXFileReference; lastKnownFileType = sourcecode.c.objc; path = CASShuttleBusRouteCell.m; sourceTree = "<group>"; };
		E3F3CB359E2C5DA1550D9E5B /* libPods-CAShuttleBus.a */ = {isa = PBXFileReference; explicitFileType = archive.ar; includeInIndex = 0; path = "libPods-CAShuttleBus.a"; sourceTree = BUILT_PRODUCTS_DIR; };
/* End PBXFileReference section */

/* Begin PBXFrameworksBuildPhase section */
		CF8546AE1F944A9A00374F74 /* Frameworks */ = {
			isa = PBXFrameworksBuildPhase;
			buildActionMask = 2147483647;
			files = (
				4A16CF22134EC5BE9C7B2928 /* libPods-CAShuttleBus.a in Frameworks */,
			);
			runOnlyForDeploymentPostprocessing = 0;
		};
		CF8546C61F944A9A00374F74 /* Frameworks */ = {
			isa = PBXFrameworksBuildPhase;
			buildActionMask = 2147483647;
			files = (
			);
			runOnlyForDeploymentPostprocessing = 0;
		};
/* End PBXFrameworksBuildPhase section */

/* Begin PBXGroup section */
		ADB70FEFAEEDCDF0209B0EA7 /* Frameworks */ = {
			isa = PBXGroup;
			children = (
				E3F3CB359E2C5DA1550D9E5B /* libPods-CAShuttleBus.a */,
			);
			name = Frameworks;
			sourceTree = "<group>";
		};
		CF8546A81F944A9900374F74 = {
			isa = PBXGroup;
			children = (
				CF8546B31F944A9A00374F74 /* CAShuttleBus */,
				CF8546CC1F944A9A00374F74 /* CAShuttleBusTests */,
				CF8546B21F944A9A00374F74 /* Products */,
				ED9C6224509A8829C152917F /* Pods */,
				ADB70FEFAEEDCDF0209B0EA7 /* Frameworks */,
			);
			sourceTree = "<group>";
		};
		CF8546B21F944A9A00374F74 /* Products */ = {
			isa = PBXGroup;
			children = (
				CF8546B11F944A9A00374F74 /* CAShuttleBus.app */,
				CF8546C91F944A9A00374F74 /* CAShuttleBusTests.xctest */,
			);
			name = Products;
			sourceTree = "<group>";
		};
		CF8546B31F944A9A00374F74 /* CAShuttleBus */ = {
			isa = PBXGroup;
			children = (
				CF8546D81F94562300374F74 /* Classes */,
				CF8546BD1F944A9A00374F74 /* Assets.xcassets */,
				CF8546BA1F944A9A00374F74 /* Main.storyboard */,
				CF8546BF1F944A9A00374F74 /* LaunchScreen.storyboard */,
				CF8546F11F94562300374F74 /* Info.plist */,
				CFC73EE61FC3B8DE008603B2 /* CAShuttleBus.entitlements */,
			);
			path = CAShuttleBus;
			sourceTree = "<group>";
		};
		CF8546CC1F944A9A00374F74 /* CAShuttleBusTests */ = {
			isa = PBXGroup;
			children = (
				CF8546CD1F944A9A00374F74 /* CAShuttleBusTests.m */,
				CF8546CF1F944A9A00374F74 /* Info.plist */,
			);
			path = CAShuttleBusTests;
			sourceTree = "<group>";
		};
		CF8546D81F94562300374F74 /* Classes */ = {
			isa = PBXGroup;
			children = (
				CF8C70171F946254006BC3EB /* Login */,
				CF8546E91F94562300374F74 /* Main */,
				CF8546E11F94562300374F74 /* Driver(司机入口) */,
				CF8546DD1F94562300374F74 /* DailyShuttleBus(今日班车) */,
				CF8546E51F94562300374F74 /* LineTable(线路表) */,
				CF8546D91F94562300374F74 /* Announcement(公告) */,
				CF8546ED1F94562300374F74 /* Supporting Files */,
				CF8546F31F94562300374F74 /* Utils */,
			);
			path = Classes;
			sourceTree = "<group>";
		};
		CF8546D91F94562300374F74 /* Announcement(公告) */ = {
			isa = PBXGroup;
			children = (
				CF8546DA1F94562300374F74 /* Controller */,
				CF8546DB1F94562300374F74 /* Model */,
				CF8546DC1F94562300374F74 /* View */,
			);
			path = "Announcement(公告)";
			sourceTree = "<group>";
		};
		CF8546DA1F94562300374F74 /* Controller */ = {
			isa = PBXGroup;
			children = (
			);
			path = Controller;
			sourceTree = "<group>";
		};
		CF8546DB1F94562300374F74 /* Model */ = {
			isa = PBXGroup;
			children = (
			);
			path = Model;
			sourceTree = "<group>";
		};
		CF8546DC1F94562300374F74 /* View */ = {
			isa = PBXGroup;
			children = (
			);
			path = View;
			sourceTree = "<group>";
		};
		CF8546DD1F94562300374F74 /* DailyShuttleBus(今日班车) */ = {
			isa = PBXGroup;
			children = (
				CF8546DE1F94562300374F74 /* Controller */,
				CF8546DF1F94562300374F74 /* Model */,
				CF8546E01F94562300374F74 /* View */,
			);
			path = "DailyShuttleBus(今日班车)";
			sourceTree = "<group>";
		};
		CF8546DE1F94562300374F74 /* Controller */ = {
			isa = PBXGroup;
			children = (
			);
			path = Controller;
			sourceTree = "<group>";
		};
		CF8546DF1F94562300374F74 /* Model */ = {
			isa = PBXGroup;
			children = (
			);
			path = Model;
			sourceTree = "<group>";
		};
		CF8546E01F94562300374F74 /* View */ = {
			isa = PBXGroup;
			children = (
			);
			path = View;
			sourceTree = "<group>";
		};
		CF8546E11F94562300374F74 /* Driver(司机入口) */ = {
			isa = PBXGroup;
			children = (
				CF8546E21F94562300374F74 /* Controller */,
				CF8546E31F94562300374F74 /* Model */,
				CF8546E41F94562300374F74 /* View */,
			);
			path = "Driver(司机入口)";
			sourceTree = "<group>";
		};
		CF8546E21F94562300374F74 /* Controller */ = {
			isa = PBXGroup;
			children = (
				CF64C0F71F95E29700933702 /* CASDriverViewController.h */,
				CF64C0F81F95E29700933702 /* CASDriverViewController.m */,
				CFC73EF01FC44B33008603B2 /* CASShuttleBusRouteViewController.h */,
				CFC73EF11FC44B33008603B2 /* CASShuttleBusRouteViewController.m */,
			);
			path = Controller;
			sourceTree = "<group>";
		};
		CF8546E31F94562300374F74 /* Model */ = {
			isa = PBXGroup;
			children = (
				CFBB03331FC66C1A00173733 /* CASShuttleBusRouteItem.h */,
				CFBB03341FC66C1A00173733 /* CASShuttleBusRouteItem.m */,
				CFBB03361FC68B9000173733 /* CASShuttleBusRouteItem.plist */,
			);
			path = Model;
			sourceTree = "<group>";
		};
		CF8546E41F94562300374F74 /* View */ = {
			isa = PBXGroup;
			children = (
				CFC73EF31FC44D64008603B2 /* CASShuttleBusRouteCell.h */,
				CFC73EF41FC44D64008603B2 /* CASShuttleBusRouteCell.m */,
			);
			path = View;
			sourceTree = "<group>";
		};
		CF8546E51F94562300374F74 /* LineTable(线路表) */ = {
			isa = PBXGroup;
			children = (
				CF8546E61F94562300374F74 /* Controller */,
				CF8546E71F94562300374F74 /* Model */,
				CF8546E81F94562300374F74 /* View */,
			);
			path = "LineTable(线路表)";
			sourceTree = "<group>";
		};
		CF8546E61F94562300374F74 /* Controller */ = {
			isa = PBXGroup;
			children = (
			);
			path = Controller;
			sourceTree = "<group>";
		};
		CF8546E71F94562300374F74 /* Model */ = {
			isa = PBXGroup;
			children = (
			);
			path = Model;
			sourceTree = "<group>";
		};
		CF8546E81F94562300374F74 /* View */ = {
			isa = PBXGroup;
			children = (
			);
			path = View;
			sourceTree = "<group>";
		};
		CF8546E91F94562300374F74 /* Main */ = {
			isa = PBXGroup;
			children = (
				CF8546EA1F94562300374F74 /* Controller */,
				CF8546EB1F94562300374F74 /* Model */,
				CF8546EC1F94562300374F74 /* View */,
			);
			path = Main;
			sourceTree = "<group>";
		};
		CF8546EA1F94562300374F74 /* Controller */ = {
			isa = PBXGroup;
			children = (
				CF8C70111F945991006BC3EB /* CASRootNavigationViewController.h */,
				CF8C70121F945991006BC3EB /* CASRootNavigationViewController.m */,
				CF8C700E1F94593C006BC3EB /* CASRootTabBarControllerViewController.h */,
				CF8C700F1F94593C006BC3EB /* CASRootTabBarControllerViewController.m */,
			);
			path = Controller;
			sourceTree = "<group>";
		};
		CF8546EB1F94562300374F74 /* Model */ = {
			isa = PBXGroup;
			children = (
			);
			path = Model;
			sourceTree = "<group>";
		};
		CF8546EC1F94562300374F74 /* View */ = {
			isa = PBXGroup;
			children = (
				CF64C0F11F95CFEB00933702 /* CASRootTabBar.h */,
				CF64C0F21F95CFEB00933702 /* CASRootTabBar.m */,
			);
			path = View;
			sourceTree = "<group>";
		};
		CF8546ED1F94562300374F74 /* Supporting Files */ = {
			isa = PBXGroup;
			children = (
				CF8546EE1F94562300374F74 /* Base */,
			);
			path = "Supporting Files";
			sourceTree = "<group>";
		};
		CF8546EE1F94562300374F74 /* Base */ = {
			isa = PBXGroup;
			children = (
				CF8546EF1F94562300374F74 /* CASAppDelegate.h */,
				CF8546F01F94562300374F74 /* CASAppDelegate.mm */,
				CF8546F21F94562300374F74 /* main.m */,
				CF64C0FA1F97613F00933702 /* CAS_PrefixHeader.pch */,
				CF16694F1FC2A0BF009CDA04 /* WeakAndStrong.h */,
			);
			path = Base;
			sourceTree = "<group>";
		};
		CF8546F31F94562300374F74 /* Utils */ = {
			isa = PBXGroup;
			children = (
				CFC73EE91FC3EE6F008603B2 /* KeychainWrapper */,
				CF8546F41F94562300374F74 /* Categories */,
			);
			path = Utils;
			sourceTree = "<group>";
		};
		CF8546F41F94562300374F74 /* Categories */ = {
			isa = PBXGroup;
			children = (
				CF1669511FC2A330009CDA04 /* UIButton+Block.h */,
				CF1669501FC2A32F009CDA04 /* UIButton+Block.m */,
				CF8C70221F948EE5006BC3EB /* UIImage+CASImage.h */,
				CF8C70231F948EE5006BC3EB /* UIImage+CASImage.m */,
				CF8C70291F94A4E1006BC3EB /* UIBarButtonItem+CASBarButtonItem.h */,
				CF8C702A1F94A4E1006BC3EB /* UIBarButtonItem+CASBarButtonItem.m */,
				CF64C0F41F95DA2600933702 /* UIView+CASFrame.h */,
				CF64C0F51F95DA2600933702 /* UIView+CASFrame.m */,
			);
			path = Categories;
			sourceTree = "<group>";
		};
		CF8C70171F946254006BC3EB /* Login */ = {
			isa = PBXGroup;
			children = (
				CF8C70181F946254006BC3EB /* Controller */,
				CF8C70191F946254006BC3EB /* Model */,
				CF8C701A1F946254006BC3EB /* View */,
			);
			path = Login;
			sourceTree = "<group>";
		};
		CF8C70181F946254006BC3EB /* Controller */ = {
			isa = PBXGroup;
			children = (
				CF8C701B1F9463A4006BC3EB /* CASLoginViewController.h */,
				CF8C701C1F9463A4006BC3EB /* CASLoginViewController.m */,
			);
			path = Controller;
			sourceTree = "<group>";
		};
		CF8C70191F946254006BC3EB /* Model */ = {
			isa = PBXGroup;
			children = (
			);
			path = Model;
			sourceTree = "<group>";
		};
		CF8C701A1F946254006BC3EB /* View */ = {
			isa = PBXGroup;
			children = (
				CF8C701E1F946BF0006BC3EB /* CASLoginView.h */,
				CF8C701F1F946BF0006BC3EB /* CASLoginView.m */,
			);
			path = View;
			sourceTree = "<group>";
		};
		CFC73EE91FC3EE6F008603B2 /* KeychainWrapper */ = {
			isa = PBXGroup;
			children = (
				CFC73EEA1FC3EE83008603B2 /* CASKeychainWrapper.h */,
				CFC73EEB1FC3EE83008603B2 /* CASKeychainWrapper.m */,
				CFC73EEF1FC3F90E008603B2 /* CASKeychainConfiguration.h */,
			);
			path = KeychainWrapper;
			sourceTree = "<group>";
		};
		ED9C6224509A8829C152917F /* Pods */ = {
			isa = PBXGroup;
			children = (
				835E22532203427C2AFEC965 /* Pods-CAShuttleBus.debug.xcconfig */,
				98AF155235BC4C5AB0E3A809 /* Pods-CAShuttleBus.release.xcconfig */,
			);
			name = Pods;
			sourceTree = "<group>";
		};
/* End PBXGroup section */

/* Begin PBXNativeTarget section */
		CF8546B01F944A9A00374F74 /* CAShuttleBus */ = {
			isa = PBXNativeTarget;
			buildConfigurationList = CF8546D21F944A9A00374F74 /* Build configuration list for PBXNativeTarget "CAShuttleBus" */;
			buildPhases = (
				6179CCC201A4E2B040CB2B3F /* [CP] Check Pods Manifest.lock */,
				CF8546AD1F944A9A00374F74 /* Sources */,
				CF8546AE1F944A9A00374F74 /* Frameworks */,
				CF8546AF1F944A9A00374F74 /* Resources */,
				605EA8158F0EC65B3907F93E /* [CP] Embed Pods Frameworks */,
				A2043E073C17B9EAE37E04C3 /* [CP] Copy Pods Resources */,
			);
			buildRules = (
			);
			dependencies = (
			);
			name = CAShuttleBus;
			productName = CAShuttleBus;
			productReference = CF8546B11F944A9A00374F74 /* CAShuttleBus.app */;
			productType = "com.apple.product-type.application";
		};
		CF8546C81F944A9A00374F74 /* CAShuttleBusTests */ = {
			isa = PBXNativeTarget;
			buildConfigurationList = CF8546D51F944A9A00374F74 /* Build configuration list for PBXNativeTarget "CAShuttleBusTests" */;
			buildPhases = (
				CF8546C51F944A9A00374F74 /* Sources */,
				CF8546C61F944A9A00374F74 /* Frameworks */,
				CF8546C71F944A9A00374F74 /* Resources */,
			);
			buildRules = (
			);
			dependencies = (
				CF8546CB1F944A9A00374F74 /* PBXTargetDependency */,
			);
			name = CAShuttleBusTests;
			productName = CAShuttleBusTests;
			productReference = CF8546C91F944A9A00374F74 /* CAShuttleBusTests.xctest */;
			productType = "com.apple.product-type.bundle.unit-test";
		};
/* End PBXNativeTarget section */

/* Begin PBXProject section */
		CF8546A91F944A9900374F74 /* Project object */ = {
			isa = PBXProject;
			attributes = {
				CLASSPREFIX = CAS;
				LastUpgradeCheck = 0900;
				ORGANIZATIONNAME = zjairchina;
				TargetAttributes = {
					CF8546B01F944A9A00374F74 = {
						CreatedOnToolsVersion = 9.0;
						ProvisioningStyle = Automatic;
						SystemCapabilities = {
							com.apple.BackgroundModes = {
								enabled = 1;
							};
							com.apple.Keychain = {
								enabled = 1;
							};
						};
					};
					CF8546C81F944A9A00374F74 = {
						CreatedOnToolsVersion = 9.0;
						ProvisioningStyle = Automatic;
						TestTargetID = CF8546B01F944A9A00374F74;
					};
				};
			};
			buildConfigurationList = CF8546AC1F944A9900374F74 /* Build configuration list for PBXProject "CAShuttleBus" */;
			compatibilityVersion = "Xcode 8.0";
			developmentRegion = en;
			hasScannedForEncodings = 0;
			knownRegions = (
				en,
				Base,
			);
			mainGroup = CF8546A81F944A9900374F74;
			productRefGroup = CF8546B21F944A9A00374F74 /* Products */;
			projectDirPath = "";
			projectRoot = "";
			targets = (
				CF8546B01F944A9A00374F74 /* CAShuttleBus */,
				CF8546C81F944A9A00374F74 /* CAShuttleBusTests */,
			);
		};
/* End PBXProject section */

/* Begin PBXResourcesBuildPhase section */
		CF8546AF1F944A9A00374F74 /* Resources */ = {
			isa = PBXResourcesBuildPhase;
			buildActionMask = 2147483647;
			files = (
				CF8546C11F944A9A00374F74 /* LaunchScreen.storyboard in Resources */,
				CF8546BE1F944A9A00374F74 /* Assets.xcassets in Resources */,
				CFBB03371FC68B9000173733 /* CASShuttleBusRouteItem.plist in Resources */,
				CF8546BC1F944A9A00374F74 /* Main.storyboard in Resources */,
			);
			runOnlyForDeploymentPostprocessing = 0;
		};
		CF8546C71F944A9A00374F74 /* Resources */ = {
			isa = PBXResourcesBuildPhase;
			buildActionMask = 2147483647;
			files = (
			);
			runOnlyForDeploymentPostprocessing = 0;
		};
/* End PBXResourcesBuildPhase section */

/* Begin PBXShellScriptBuildPhase section */
		605EA8158F0EC65B3907F93E /* [CP] Embed Pods Frameworks */ = {
			isa = PBXShellScriptBuildPhase;
			buildActionMask = 2147483647;
			files = (
			);
			inputPaths = (
			);
			name = "[CP] Embed Pods Frameworks";
			outputPaths = (
			);
			runOnlyForDeploymentPostprocessing = 0;
			shellPath = /bin/sh;
			shellScript = "\"${SRCROOT}/Pods/Target Support Files/Pods-CAShuttleBus/Pods-CAShuttleBus-frameworks.sh\"\n";
			showEnvVarsInLog = 0;
		};
		6179CCC201A4E2B040CB2B3F /* [CP] Check Pods Manifest.lock */ = {
			isa = PBXShellScriptBuildPhase;
			buildActionMask = 2147483647;
			files = (
			);
			inputPaths = (
				"${PODS_PODFILE_DIR_PATH}/Podfile.lock",
				"${PODS_ROOT}/Manifest.lock",
			);
			name = "[CP] Check Pods Manifest.lock";
			outputPaths = (
				"$(DERIVED_FILE_DIR)/Pods-CAShuttleBus-checkManifestLockResult.txt",
			);
			runOnlyForDeploymentPostprocessing = 0;
			shellPath = /bin/sh;
			shellScript = "diff \"${PODS_PODFILE_DIR_PATH}/Podfile.lock\" \"${PODS_ROOT}/Manifest.lock\" > /dev/null\nif [ $? != 0 ] ; then\n    # print error to STDERR\n    echo \"error: The sandbox is not in sync with the Podfile.lock. Run 'pod install' or update your CocoaPods installation.\" >&2\n    exit 1\nfi\n# This output is used by Xcode 'outputs' to avoid re-running this script phase.\necho \"SUCCESS\" > \"${SCRIPT_OUTPUT_FILE_0}\"\n";
			showEnvVarsInLog = 0;
		};
		A2043E073C17B9EAE37E04C3 /* [CP] Copy Pods Resources */ = {
			isa = PBXShellScriptBuildPhase;
			buildActionMask = 2147483647;
			files = (
			);
			inputPaths = (
				"${SRCROOT}/Pods/Target Support Files/Pods-CAShuttleBus/Pods-CAShuttleBus-resources.sh",
				"${PODS_ROOT}/BaiduMapKit/BaiduMapKit/BaiduMapAPI_Map.framework/Resources/mapapi.bundle",
			);
			name = "[CP] Copy Pods Resources";
			outputPaths = (
				"${TARGET_BUILD_DIR}/${UNLOCALIZED_RESOURCES_FOLDER_PATH}",
			);
			runOnlyForDeploymentPostprocessing = 0;
			shellPath = /bin/sh;
			shellScript = "\"${SRCROOT}/Pods/Target Support Files/Pods-CAShuttleBus/Pods-CAShuttleBus-resources.sh\"\n";
			showEnvVarsInLog = 0;
		};
/* End PBXShellScriptBuildPhase section */

/* Begin PBXSourcesBuildPhase section */
		CF8546AD1F944A9A00374F74 /* Sources */ = {
			isa = PBXSourcesBuildPhase;
			buildActionMask = 2147483647;
			files = (
				CF64C0F91F95E29700933702 /* CASDriverViewController.m in Sources */,
				CFC73EF21FC44B33008603B2 /* CASShuttleBusRouteViewController.m in Sources */,
				CF8C70131F945991006BC3EB /* CASRootNavigationViewController.m in Sources */,
				CFC73EF51FC44D64008603B2 /* CASShuttleBusRouteCell.m in Sources */,
				CF8C702B1F94A4E1006BC3EB /* UIBarButtonItem+CASBarButtonItem.m in Sources */,
				CF1669521FC2A330009CDA04 /* UIButton+Block.m in Sources */,
				CFC73EEC1FC3EE83008603B2 /* CASKeychainWrapper.m in Sources */,
				CF8C70141F945D89006BC3EB /* CASAppDelegate.mm in Sources */,
				CF8C701D1F9463A4006BC3EB /* CASLoginViewController.m in Sources */,
				CF8C70151F945DAB006BC3EB /* main.m in Sources */,
				CF8C70201F946BF0006BC3EB /* CASLoginView.m in Sources */,
				CFBB03351FC66C1A00173733 /* CASShuttleBusRouteItem.m in Sources */,
				CF8C70101F94593C006BC3EB /* CASRootTabBarControllerViewController.m in Sources */,
				CF64C0F31F95CFEB00933702 /* CASRootTabBar.m in Sources */,
				CF64C0F61F95DA2600933702 /* UIView+CASFrame.m in Sources */,
				CF8C70241F948EE5006BC3EB /* UIImage+CASImage.m in Sources */,
			);
			runOnlyForDeploymentPostprocessing = 0;
		};
		CF8546C51F944A9A00374F74 /* Sources */ = {
			isa = PBXSourcesBuildPhase;
			buildActionMask = 2147483647;
			files = (
				CF8546CE1F944A9A00374F74 /* CAShuttleBusTests.m in Sources */,
			);
			runOnlyForDeploymentPostprocessing = 0;
		};
/* End PBXSourcesBuildPhase section */

/* Begin PBXTargetDependency section */
		CF8546CB1F944A9A00374F74 /* PBXTargetDependency */ = {
			isa = PBXTargetDependency;
			target = CF8546B01F944A9A00374F74 /* CAShuttleBus */;
			targetProxy = CF8546CA1F944A9A00374F74 /* PBXContainerItemProxy */;
		};
/* End PBXTargetDependency section */

/* Begin PBXVariantGroup section */
		CF8546BA1F944A9A00374F74 /* Main.storyboard */ = {
			isa = PBXVariantGroup;
			children = (
				CF8546BB1F944A9A00374F74 /* Base */,
			);
			name = Main.storyboard;
			sourceTree = "<group>";
		};
		CF8546BF1F944A9A00374F74 /* LaunchScreen.storyboard */ = {
			isa = PBXVariantGroup;
			children = (
				CF8546C01F944A9A00374F74 /* Base */,
			);
			name = LaunchScreen.storyboard;
			sourceTree = "<group>";
		};
/* End PBXVariantGroup section */

/* Begin XCBuildConfiguration section */
		CF8546D01F944A9A00374F74 /* Debug */ = {
			isa = XCBuildConfiguration;
			buildSettings = {
				ALWAYS_SEARCH_USER_PATHS = NO;
				CLANG_ANALYZER_NONNULL = YES;
				CLANG_ANALYZER_NUMBER_OBJECT_CONVERSION = YES_AGGRESSIVE;
				CLANG_CXX_LANGUAGE_STANDARD = "gnu++14";
				CLANG_CXX_LIBRARY = "libc++";
				CLANG_ENABLE_MODULES = YES;
				CLANG_ENABLE_OBJC_ARC = YES;
				CLANG_WARN_BLOCK_CAPTURE_AUTORELEASING = YES;
				CLANG_WARN_BOOL_CONVERSION = YES;
				CLANG_WARN_COMMA = YES;
				CLANG_WARN_CONSTANT_CONVERSION = YES;
				CLANG_WARN_DIRECT_OBJC_ISA_USAGE = YES_ERROR;
				CLANG_WARN_DOCUMENTATION_COMMENTS = YES;
				CLANG_WARN_EMPTY_BODY = YES;
				CLANG_WARN_ENUM_CONVERSION = YES;
				CLANG_WARN_INFINITE_RECURSION = YES;
				CLANG_WARN_INT_CONVERSION = YES;
				CLANG_WARN_NON_LITERAL_NULL_CONVERSION = YES;
				CLANG_WARN_OBJC_LITERAL_CONVERSION = YES;
				CLANG_WARN_OBJC_ROOT_CLASS = YES_ERROR;
				CLANG_WARN_RANGE_LOOP_ANALYSIS = YES;
				CLANG_WARN_STRICT_PROTOTYPES = YES;
				CLANG_WARN_SUSPICIOUS_MOVE = YES;
				CLANG_WARN_UNGUARDED_AVAILABILITY = YES_AGGRESSIVE;
				CLANG_WARN_UNREACHABLE_CODE = YES;
				CLANG_WARN__DUPLICATE_METHOD_MATCH = YES;
				CODE_SIGN_IDENTITY = "iPhone Developer";
				COPY_PHASE_STRIP = NO;
				DEBUG_INFORMATION_FORMAT = dwarf;
				ENABLE_STRICT_OBJC_MSGSEND = YES;
				ENABLE_TESTABILITY = YES;
				GCC_C_LANGUAGE_STANDARD = gnu11;
				GCC_DYNAMIC_NO_PIC = NO;
				GCC_NO_COMMON_BLOCKS = YES;
				GCC_OPTIMIZATION_LEVEL = 0;
				GCC_PREPROCESSOR_DEFINITIONS = (
					"DEBUG=1",
					"$(inherited)",
				);
				GCC_WARN_64_TO_32_BIT_CONVERSION = YES;
				GCC_WARN_ABOUT_RETURN_TYPE = YES_ERROR;
				GCC_WARN_UNDECLARED_SELECTOR = YES;
				GCC_WARN_UNINITIALIZED_AUTOS = YES_AGGRESSIVE;
				GCC_WARN_UNUSED_FUNCTION = YES;
				GCC_WARN_UNUSED_VARIABLE = YES;
				IPHONEOS_DEPLOYMENT_TARGET = 9.0;
				MTL_ENABLE_DEBUG_INFO = YES;
				ONLY_ACTIVE_ARCH = YES;
				SDKROOT = iphoneos;
			};
			name = Debug;
		};
		CF8546D11F944A9A00374F74 /* Release */ = {
			isa = XCBuildConfiguration;
			buildSettings = {
				ALWAYS_SEARCH_USER_PATHS = NO;
				CLANG_ANALYZER_NONNULL = YES;
				CLANG_ANALYZER_NUMBER_OBJECT_CONVERSION = YES_AGGRESSIVE;
				CLANG_CXX_LANGUAGE_STANDARD = "gnu++14";
				CLANG_CXX_LIBRARY = "libc++";
				CLANG_ENABLE_MODULES = YES;
				CLANG_ENABLE_OBJC_ARC = YES;
				CLANG_WARN_BLOCK_CAPTURE_AUTORELEASING = YES;
				CLANG_WARN_BOOL_CONVERSION = YES;
				CLANG_WARN_COMMA = YES;
				CLANG_WARN_CONSTANT_CONVERSION = YES;
				CLANG_WARN_DIRECT_OBJC_ISA_USAGE = YES_ERROR;
				CLANG_WARN_DOCUMENTATION_COMMENTS = YES;
				CLANG_WARN_EMPTY_BODY = YES;
				CLANG_WARN_ENUM_CONVERSION = YES;
				CLANG_WARN_INFINITE_RECURSION = YES;
				CLANG_WARN_INT_CONVERSION = YES;
				CLANG_WARN_NON_LITERAL_NULL_CONVERSION = YES;
				CLANG_WARN_OBJC_LITERAL_CONVERSION = YES;
				CLANG_WARN_OBJC_ROOT_CLASS = YES_ERROR;
				CLANG_WARN_RANGE_LOOP_ANALYSIS = YES;
				CLANG_WARN_STRICT_PROTOTYPES = YES;
				CLANG_WARN_SUSPICIOUS_MOVE = YES;
				CLANG_WARN_UNGUARDED_AVAILABILITY = YES_AGGRESSIVE;
				CLANG_WARN_UNREACHABLE_CODE = YES;
				CLANG_WARN__DUPLICATE_METHOD_MATCH = YES;
				CODE_SIGN_IDENTITY = "iPhone Developer";
				COPY_PHASE_STRIP = NO;
				DEBUG_INFORMATION_FORMAT = "dwarf-with-dsym";
				ENABLE_NS_ASSERTIONS = NO;
				ENABLE_STRICT_OBJC_MSGSEND = YES;
				GCC_C_LANGUAGE_STANDARD = gnu11;
				GCC_NO_COMMON_BLOCKS = YES;
				GCC_WARN_64_TO_32_BIT_CONVERSION = YES;
				GCC_WARN_ABOUT_RETURN_TYPE = YES_ERROR;
				GCC_WARN_UNDECLARED_SELECTOR = YES;
				GCC_WARN_UNINITIALIZED_AUTOS = YES_AGGRESSIVE;
				GCC_WARN_UNUSED_FUNCTION = YES;
				GCC_WARN_UNUSED_VARIABLE = YES;
				IPHONEOS_DEPLOYMENT_TARGET = 9.0;
				MTL_ENABLE_DEBUG_INFO = NO;
				SDKROOT = iphoneos;
				VALIDATE_PRODUCT = YES;
			};
			name = Release;
		};
		CF8546D31F944A9A00374F74 /* Debug */ = {
			isa = XCBuildConfiguration;
			baseConfigurationReference = 835E22532203427C2AFEC965 /* Pods-CAShuttleBus.debug.xcconfig */;
			buildSettings = {
				ASSETCATALOG_COMPILER_APPICON_NAME = AppIcon;
				ASSETCATALOG_COMPILER_LAUNCHIMAGE_NAME = LaunchImage;
				CODE_SIGN_ENTITLEMENTS = CAShuttleBus/CAShuttleBus.entitlements;
				CODE_SIGN_STYLE = Automatic;
				DEVELOPMENT_TEAM = X98AC2E273;
				ENABLE_BITCODE = NO;
				GCC_PRECOMPILE_PREFIX_HEADER = YES;
				GCC_PREFIX_HEADER = "$(SRCROOT)/CAShuttleBus/Classes/Supporting Files/Base/CAS_PrefixHeader.pch";
				INFOPLIST_FILE = CAShuttleBus/Info.plist;
				IPHONEOS_DEPLOYMENT_TARGET = 9.0;
				LD_RUNPATH_SEARCH_PATHS = "$(inherited) @executable_path/Frameworks";
				PRODUCT_BUNDLE_IDENTIFIER = cn.com.airchina.CAShuttleBus;
				PRODUCT_NAME = "$(TARGET_NAME)";
				TARGETED_DEVICE_FAMILY = "1,2";
			};
			name = Debug;
		};
		CF8546D41F944A9A00374F74 /* Release */ = {
			isa = XCBuildConfiguration;
			baseConfigurationReference = 98AF155235BC4C5AB0E3A809 /* Pods-CAShuttleBus.release.xcconfig */;
			buildSettings = {
				ASSETCATALOG_COMPILER_APPICON_NAME = AppIcon;
				ASSETCATALOG_COMPILER_LAUNCHIMAGE_NAME = LaunchImage;
				CODE_SIGN_ENTITLEMENTS = CAShuttleBus/CAShuttleBus.entitlements;
				CODE_SIGN_STYLE = Automatic;
				DEVELOPMENT_TEAM = X98AC2E273;
				ENABLE_BITCODE = NO;
				GCC_PRECOMPILE_PREFIX_HEADER = YES;
				GCC_PREFIX_HEADER = "$(SRCROOT)/CAShuttleBus/Classes/Supporting Files/Base/CAS_PrefixHeader.pch";
				INFOPLIST_FILE = CAShuttleBus/Info.plist;
				IPHONEOS_DEPLOYMENT_TARGET = 9.0;
				LD_RUNPATH_SEARCH_PATHS = "$(inherited) @executable_path/Frameworks";
				PRODUCT_BUNDLE_IDENTIFIER = cn.com.airchina.CAShuttleBus;
				PRODUCT_NAME = "$(TARGET_NAME)";
				TARGETED_DEVICE_FAMILY = "1,2";
			};
			name = Release;
		};
		CF8546D61F944A9A00374F74 /* Debug */ = {
			isa = XCBuildConfiguration;
			buildSettings = {
				BUNDLE_LOADER = "$(TEST_HOST)";
				CODE_SIGN_STYLE = Automatic;
				DEVELOPMENT_TEAM = X98AC2E273;
				INFOPLIST_FILE = CAShuttleBusTests/Info.plist;
				LD_RUNPATH_SEARCH_PATHS = "$(inherited) @executable_path/Frameworks @loader_path/Frameworks";
				PRODUCT_BUNDLE_IDENTIFIER = cn.com.airchina.CAShuttleBusTests;
				PRODUCT_NAME = "$(TARGET_NAME)";
				TARGETED_DEVICE_FAMILY = "1,2";
				TEST_HOST = "$(BUILT_PRODUCTS_DIR)/CAShuttleBus.app/CAShuttleBus";
			};
			name = Debug;
		};
		CF8546D71F944A9A00374F74 /* Release */ = {
			isa = XCBuildConfiguration;
			buildSettings = {
				BUNDLE_LOADER = "$(TEST_HOST)";
				CODE_SIGN_STYLE = Automatic;
				DEVELOPMENT_TEAM = X98AC2E273;
				INFOPLIST_FILE = CAShuttleBusTests/Info.plist;
				LD_RUNPATH_SEARCH_PATHS = "$(inherited) @executable_path/Frameworks @loader_path/Frameworks";
				PRODUCT_BUNDLE_IDENTIFIER = cn.com.airchina.CAShuttleBusTests;
				PRODUCT_NAME = "$(TARGET_NAME)";
				TARGETED_DEVICE_FAMILY = "1,2";
				TEST_HOST = "$(BUILT_PRODUCTS_DIR)/CAShuttleBus.app/CAShuttleBus";
			};
			name = Release;
		};
/* End XCBuildConfiguration section */

/* Begin XCConfigurationList section */
		CF8546AC1F944A9900374F74 /* Build configuration list for PBXProject "CAShuttleBus" */ = {
			isa = XCConfigurationList;
			buildConfigurations = (
				CF8546D01F944A9A00374F74 /* Debug */,
				CF8546D11F944A9A00374F74 /* Release */,
			);
			defaultConfigurationIsVisible = 0;
			defaultConfigurationName = Release;
		};
		CF8546D21F944A9A00374F74 /* Build configuration list for PBXNativeTarget "CAShuttleBus" */ = {
			isa = XCConfigurationList;
			buildConfigurations = (
				CF8546D31F944A9A00374F74 /* Debug */,
				CF8546D41F944A9A00374F74 /* Release */,
			);
			defaultConfigurationIsVisible = 0;
			defaultConfigurationName = Release;
		};
		CF8546D51F944A9A00374F74 /* Build configuration list for PBXNativeTarget "CAShuttleBusTests" */ = {
			isa = XCConfigurationList;
			buildConfigurations = (
				CF8546D61F944A9A00374F74 /* Debug */,
				CF8546D71F944A9A00374F74 /* Release */,
			);
			defaultConfigurationIsVisible = 0;
			defaultConfigurationName = Release;
		};
/* End XCConfigurationList section */
	};
	rootObject = CF8546A91F944A9900374F74 /* Project object */;
}
