PODS:
  - Masonry (1.0.2)
  - YYText (1.0.7)

DEPENDENCIES:
  - Masonry (~> 1.0.2)
  - YYText (~> 1.0.7)

SPEC CHECKSUMS:
  Masonry: 7c429b56da9d4ee0bbb3ed77a5ea710d6a5df39e
  YYText: 5c461d709e24d55a182d1441c41dc639a18a4849

PODFILE CHECKSUM: 820a0216d723139738ac03af3995fc8f6fd1f498

COCOAPODS: 1.3.1
